
Microsoft Visual Studio Solution File, Format Version 12.00
# Visual Studio 15
VisualStudioVersion = 15.0.28107.0
MinimumVisualStudioVersion = 10.0.40219.1
Project("{FAE04EC0-301F-11D3-BF4B-00C04F79EFBC}") = "SSD_Web_App", "SSD_Web_App\SSD_Web_App.csproj", "{962930C1-1B77-4ED5-A9BE-5188B58EA593}"
EndProject
Global
	GlobalSection(SolutionConfigurationPlatforms) = preSolution
		Debug|Any CPU = Debug|Any CPU
		Release|Any CPU = Release|Any CPU
	EndGlobalSection
	GlobalSection(ProjectConfigurationPlatforms) = postSolution
		{962930C1-1B77-4ED5-A9BE-5188B58EA593}.Debug|Any CPU.ActiveCfg = Debug|Any CPU
		{962930C1-1B77-4ED5-A9BE-5188B58EA593}.Debug|Any CPU.Build.0 = Debug|Any CPU
		{962930C1-1B77-4ED5-A9BE-5188B58EA593}.Release|Any CPU.ActiveCfg = Release|Any CPU
		{962930C1-1B77-4ED5-A9BE-5188B58EA593}.Release|Any CPU.Build.0 = Release|Any CPU
	EndGlobalSection
	GlobalSection(SolutionProperties) = preSolution
		HideSolutionNode = FALSE
	EndGlobalSection
	GlobalSection(ExtensibilityGlobals) = postSolution
		SolutionGuid = {C72D607C-29D3-4FAD-866D-6C57950A6332}
	EndGlobalSection
EndGlobal
